
Microsoft Visual Studio Solution File, Format Version 12.00
# Visual Studio 15
VisualStudioVersion = 15.0.26430.13
MinimumVisualStudioVersion = 10.0.40219.1
Project("{FAE04EC0-301F-11D3-BF4B-00C04F79EFBC}") = "DataSoccer", "DataSoccer\DataSoccer.csproj", "{9338234A-7A17-4643-8F38-21AA133CDCFF}"
EndProject
Global
	GlobalSection(SolutionConfigurationPlatforms) = preSolution
		Debug|Any CPU = Debug|Any CPU
		Release|Any CPU = Release|Any CPU
	EndGlobalSection
	GlobalSection(ProjectConfigurationPlatforms) = postSolution
		{9338234A-7A17-4643-8F38-21AA133CDCFF}.Debug|Any CPU.ActiveCfg = Debug|Any CPU
		{9338234A-7A17-4643-8F38-21AA133CDCFF}.Debug|Any CPU.Build.0 = Debug|Any CPU
		{9338234A-7A17-4643-8F38-21AA133CDCFF}.Release|Any CPU.ActiveCfg = Release|Any CPU
		{9338234A-7A17-4643-8F38-21AA133CDCFF}.Release|Any CPU.Build.0 = Release|Any CPU
	EndGlobalSection
	GlobalSection(SolutionProperties) = preSolution
		HideSolutionNode = FALSE
	EndGlobalSection
EndGlobal
